
Microsoft Visual Studio Solution File, Format Version 12.00
# Visual Studio Version 17
VisualStudioVersion = 17.4.33110.190
MinimumVisualStudioVersion = 10.0.40219.1
Project("{FAE04EC0-301F-11D3-BF4B-00C04F79EFBC}") = "Contributii", "Contributii\Contributii.csproj", "{566E4BB5-DA3F-4F8B-94A5-7ECF672C3529}"
EndProject
Global
	GlobalSection(SolutionConfigurationPlatforms) = preSolution
		Debug|Any CPU = Debug|Any CPU
		Release|Any CPU = Release|Any CPU
	EndGlobalSection
	GlobalSection(ProjectConfigurationPlatforms) = postSolution
		{566E4BB5-DA3F-4F8B-94A5-7ECF672C3529}.Debug|Any CPU.ActiveCfg = Debug|Any CPU
		{566E4BB5-DA3F-4F8B-94A5-7ECF672C3529}.Debug|Any CPU.Build.0 = Debug|Any CPU
		{566E4BB5-DA3F-4F8B-94A5-7ECF672C3529}.Release|Any CPU.ActiveCfg = Release|Any CPU
		{566E4BB5-DA3F-4F8B-94A5-7ECF672C3529}.Release|Any CPU.Build.0 = Release|Any CPU
	EndGlobalSection
	GlobalSection(SolutionProperties) = preSolution
		HideSolutionNode = FALSE
	EndGlobalSection
	GlobalSection(ExtensibilityGlobals) = postSolution
		SolutionGuid = {5935EDB6-AFBE-4E59-8A0E-F8703F89AACC}
	EndGlobalSection
EndGlobal
